# THIS IS AN AUTOGENERATED FILE. DO NOT EDIT THIS FILE DIRECTLY.
# yarn lockfile v1


argparse@^1.0.7:
  version "1.0.10"
  resolved "https://registry.npmjs.org/argparse/-/argparse-1.0.10.tgz"
  integrity sha512-o5Roy6tNG4SL/FOkCAN6RzjiakZS25RLYFrcMttJqbdd8BWrnA+fGz57iN5Pb06pvBGvl5gQ0B48dJlslXvoTg==
  dependencies:
    sprintf-js "~1.0.2"

chalk@^5.3.0:
  version "5.3.0"
  resolved "https://registry.yarnpkg.com/chalk/-/chalk-5.3.0.tgz#67c20a7ebef70e7f3970a01f90fa210cb6860385"
  integrity sha512-dLitG79d+GV1Nb/VYcCDFivJeK1hiukt9QjRNVOsUtTy1rR1YJsmpGGTZ3qJos+uw7WmWF4wUwBd9jxjocFC2w==

char-to-string@^2.0.0:
  version "2.0.0"
  resolved "https://registry.yarnpkg.com/char-to-string/-/char-to-string-2.0.0.tgz#fb8f85f075aecc8d32fc07decdf94feea375e8b4"
  integrity sha512-PN6XD9jZ/DmKlyp9F2cCeEHY/CUdpsVG4pBLX5Y0uTc8DCDAhJzbLOocr3ejXMc0wL6/ea5uvlcA0Qk6+OwVZQ==

commander@^9.0.0:
  version "9.5.0"
  resolved "https://registry.npmjs.org/commander/-/commander-9.5.0.tgz"
  integrity sha512-KRs7WVDKg86PWiuAqhDrAQnTXZKraVcCc6vFdL14qrZ/DcWwuRo7VoiYXalXO7S5GKpqYiVEwCbgFDfxNHKJBQ==

detect-newline@^4.0.0:
  version "4.0.1"
  resolved "https://registry.yarnpkg.com/detect-newline/-/detect-newline-4.0.1.tgz#fcefdb5713e1fb8cb2839b8b6ee22e6716ab8f23"
  integrity sha512-qE3Veg1YXzGHQhlA6jzebZN2qVf6NX+A7m7qlhCGG30dJixrAQhYOsJjsnBjJkCSmuOPpCk30145fr8FV0bzog==

ends-with-string@^2.0.0:
  version "2.0.0"
  resolved "https://registry.yarnpkg.com/ends-with-string/-/ends-with-string-2.0.0.tgz#89039e27e5ec5b34934c24903ceb593975594ce7"
  integrity sha512-c82jLyJORw/yJ7Z3nKyp+WOxN3WGULnSByJAsanu+8I/H6WlZIa2D9bz5rEmRKCKhCNVK1NKsKoHXEcE4LEdbA==
  dependencies:
    char-to-string "^2.0.0"

esprima@^4.0.0:
  version "4.0.1"
  resolved "https://registry.npmjs.org/esprima/-/esprima-4.0.1.tgz"
  integrity sha512-eGuFFw7Upda+g4p+QHvnW0RyTX/SVeJBDM/gCtMARO0cLuT2HcEKnTPvhjV6aGeqrCB/sbNop0Kszm0jsaWU4A==

extend-shallow@^2.0.1:
  version "2.0.1"
  resolved "https://registry.npmjs.org/extend-shallow/-/extend-shallow-2.0.1.tgz"
  integrity sha512-zCnTtlxNoAiDc3gqY2aYAWFx7XWWiasuF2K8Me5WbN8otHKTUKBwjPtNpRs/rbUZm7KxWAaNj7P1a/p52GbVug==
  dependencies:
    is-extendable "^0.1.0"

gray-matter@^4.0.3:
  version "4.0.3"
  resolved "https://registry.npmjs.org/gray-matter/-/gray-matter-4.0.3.tgz"
  integrity sha512-5v6yZd4JK3eMI3FqqCouswVqwugaA9r4dNZB1wwcmrD02QkV5H0y7XBQW8QwQqEaZY1pM9aqORSORhJRdNK44Q==
  dependencies:
    js-yaml "^3.13.1"
    kind-of "^6.0.2"
    section-matter "^1.0.0"
    strip-bom-string "^1.0.0"

he@^1.1.0:
  version "1.2.0"
  resolved "https://registry.npmjs.org/he/-/he-1.2.0.tgz"
  integrity sha512-F/1DnUGPopORZi0ni+CvrCgHQ5FyEAHRLSApuYWMmrbSwoN2Mn/7k+Gl38gJnR7yyDZk6WLXwiGod1JOWNDKGw==

highlight.js@^11.5.0:
  version "11.9.0"
  resolved "https://registry.npmjs.org/highlight.js/-/highlight.js-11.9.0.tgz"
  integrity sha512-fJ7cW7fQGCYAkgv4CPfwFHrfd/cLS4Hau96JuJ+ZTOWhjnhoeN1ub1tFmALm/+lW5z4WCAuAV9bm05AP0mS6Gw==

html-encoder-decoder@^1.3.9:
  version "1.3.9"
  resolved "https://registry.npmjs.org/html-encoder-decoder/-/html-encoder-decoder-1.3.9.tgz"
  integrity sha512-dHv7bdOTEE69EIxXsM8Vslt+NW7QfEB5EGOC29BR14c7RQ9iHUgK76k3/aS23xNIwDg/xlZLWCSZ8lxol9bYlQ==
  dependencies:
    he "^1.1.0"
    iterate-object "^1.3.2"
    regex-escape "^3.4.2"

is-extendable@^0.1.0:
  version "0.1.1"
  resolved "https://registry.npmjs.org/is-extendable/-/is-extendable-0.1.1.tgz"
  integrity sha512-5BMULNob1vgFX6EjQw5izWDxrecWK9AM72rugNr0TFldMOi0fj6Jk+zeKIt0xGj4cEfQIJth4w3OKWOJ4f+AFw==

is-path-inside@^4.0.0:
  version "4.0.0"
  resolved "https://registry.yarnpkg.com/is-path-inside/-/is-path-inside-4.0.0.tgz#805aeb62c47c1b12fc3fd13bfb3ed1e7430071db"
  integrity sha512-lJJV/5dYS+RcL8uQdBDW9c9uWFLLBNRyFhnAKXw5tVqLlKZ4RMGZKv+YQ/IA3OhD+RpbJa1LLFM1FQPGyIXvOA==

iterate-object@^1.3.2:
  version "1.3.4"
  resolved "https://registry.npmjs.org/iterate-object/-/iterate-object-1.3.4.tgz"
  integrity sha512-4dG1D1x/7g8PwHS9aK6QV5V94+ZvyP4+d19qDv43EzImmrndysIl4prmJ1hWWIGCqrZHyaHBm6BSEWHOLnpoNw==

js-yaml@^3.13.1:
  version "3.14.1"
  resolved "https://registry.npmjs.org/js-yaml/-/js-yaml-3.14.1.tgz"
  integrity sha512-okMH7OXXJ7YrN9Ok3/SXrnu4iX9yOk+25nqX4imS2npuvTYDmo/QEZoqwZkYaIDk3jVvBOTOIEgEhaLOynBS9g==
  dependencies:
    argparse "^1.0.7"
    esprima "^4.0.0"

kind-of@^6.0.0, kind-of@^6.0.2:
  version "6.0.3"
  resolved "https://registry.npmjs.org/kind-of/-/kind-of-6.0.3.tgz"
  integrity sha512-dcS1ul+9tmeD95T+x28/ehLgd9mENa3LsvDTtzm3vyBEO7RPptvAD+t44WVXaUjTBRcrpFeFlC8WCruUR456hw==

read-file-safe@^2.1.0:
  version "2.1.1"
  resolved "https://registry.yarnpkg.com/read-file-safe/-/read-file-safe-2.1.1.tgz#16b161460bacfb571a13756141bb6ba08673f034"
  integrity sha512-Qge8x3UzI/0hEcfsvG60Bvw5DX9BUHS0gIunXPAo/7gEZRTzMLVHbI9Uv5VQvNS9eBrrqOX0pkdP9Pzr3m9xFg==

regex-escape@^3.4.2:
  version "3.4.10"
  resolved "https://registry.npmjs.org/regex-escape/-/regex-escape-3.4.10.tgz"
  integrity sha512-qEqf7uzW+iYcKNLMDFnMkghhQBnGdivT6KqVQyKsyjSWnoFyooXVnxrw9dtv3AFLnD6VBGXxtZGAQNFGFTnCqA==

remove-file-safe@^3.0.0:
  version "3.0.0"
  resolved "https://registry.yarnpkg.com/remove-file-safe/-/remove-file-safe-3.0.0.tgz#3d33e153ec9792be769f1b1d69f52c374b6407c5"
  integrity sha512-JkgTbVCca0UQjWSAhpSPFR+ZT4Fr+2qkvQ5hMa8WMZGDLI56jztX+ZQpdCvzc+MBxyj4vlZs/dCln2DIvHS43w==
  dependencies:
    is-path-inside "^4.0.0"

section-matter@^1.0.0:
  version "1.0.0"
  resolved "https://registry.npmjs.org/section-matter/-/section-matter-1.0.0.tgz"
  integrity sha512-vfD3pmTzGpufjScBh50YHKzEu2lxBWhVEHsNGoEXmCmn2hKGfeNLYMzCJpe8cD7gqX7TJluOVpBkAequ6dgMmA==
  dependencies:
    extend-shallow "^2.0.1"
    kind-of "^6.0.0"

showdown-highlight@^3.1.0:
  version "3.1.0"
  resolved "https://registry.npmjs.org/showdown-highlight/-/showdown-highlight-3.1.0.tgz"
  integrity sha512-wrTxtE63L/bpW5A2Uy/AO1gblXnNHK/cDL6LszECOoCdMJKWTj0/4n4I/pmqub+3H3KCPVDDvtXpCArnT/heFA==
  dependencies:
    highlight.js "^11.5.0"
    html-encoder-decoder "^1.3.9"
    showdown "^2.0.3"

showdown@^2.0.3, showdown@^2.1.0:
  version "2.1.0"
  resolved "https://registry.npmjs.org/showdown/-/showdown-2.1.0.tgz"
  integrity sha512-/6NVYu4U819R2pUIk79n67SYgJHWCce0a5xTP979WbNp0FL9MN1I1QK662IDU1b6JzKTvmhgI7T7JYIxBi3kMQ==
  dependencies:
    commander "^9.0.0"

sprintf-js@~1.0.2:
  version "1.0.3"
  resolved "https://registry.npmjs.org/sprintf-js/-/sprintf-js-1.0.3.tgz"
  integrity sha512-D9cPgkvLlV3t3IzL0D0YLvGA9Ahk4PcvVwUbN0dSGr1aP0Nrt4AEnTUbuGvquEC0mA64Gqt1fzirlRs5ibXx8g==

strip-bom-string@^1.0.0:
  version "1.0.0"
  resolved "https://registry.npmjs.org/strip-bom-string/-/strip-bom-string-1.0.0.tgz"
  integrity sha512-uCC2VHvQRYu+lMh4My/sFNmF2klFymLX1wHJeXnbEJERpV/ZsVuonzerjfrGpIGF7LBVa1O7i9kjiWvJiFck8g==

terminating-newline@^2.0.0:
  version "2.0.0"
  resolved "https://registry.yarnpkg.com/terminating-newline/-/terminating-newline-2.0.0.tgz#431218142b9cbb12263fbb61f9d0af3e31948f63"
  integrity sha512-H8yf0+0aQ9WzDE//BvRE9onDMpu5gPX/rUo6EJlZ2G9dmy+sbZVQJvA1NIBqYeQBivviw++K0YKZMqf4A7j/tA==
  dependencies:
    detect-newline "^4.0.0"
    ends-with-string "^2.0.0"

write-dir-safe@^2.0.1:
  version "2.0.1"
  resolved "https://registry.yarnpkg.com/write-dir-safe/-/write-dir-safe-2.0.1.tgz#700dcda62571cf76ecc70ae6a299a2da49078ab2"
  integrity sha512-rL5prgKDZlPC/A1XDbAVsH3nDwKKMLPor6NcKk10zz1jN/GxyRZFrhIDUsTKrhxT/dj5fMBOZ+2uo04vVC+m7w==

write-file-safe@^2.0.3:
  version "2.0.3"
  resolved "https://registry.yarnpkg.com/write-file-safe/-/write-file-safe-2.0.3.tgz#4d2ed8e0fb800f6ecd9c408b7cd36d965239172e"
  integrity sha512-KL/0O4M3cSpTKGbudiS0q2aHUyegDVna7/RDqjaQlEPtG/Kzs3AmUeHkpG55yYkxP09euOZAMG+jJL+pmYEDDQ==
  dependencies:
    read-file-safe "^2.1.0"
    remove-file-safe "^3.0.0"
    terminating-newline "^2.0.0"
    write-dir-safe "^2.0.1"
